// !$*UTF8*$!
{
	archiveVersion = 1;
	classes = {
	};
	objectVersion = 50;
	objects = {

/* Begin PBXBuildFile section */
		63DFF12424E778CD00D66173 /* AppDelegate.swift in Sources */ = {isa = PBXBuildFile; fileRef = 63DFF12324E778CD00D66173 /* AppDelegate.swift */; };
		63DFF12624E778CD00D66173 /* SceneDelegate.swift in Sources */ = {isa = PBXBuildFile; fileRef = 63DFF12524E778CD00D66173 /* SceneDelegate.swift */; };
		63DFF12824E778CD00D66173 /* ContentView.swift in Sources */ = {isa = PBXBuildFile; fileRef = 63DFF12724E778CD00D66173 /* ContentView.swift */; };
		63DFF12A24E778D000D66173 /* Assets.xcassets in Resources */ = {isa = PBXBuildFile; fileRef = 63DFF12924E778D000D66173 /* Assets.xcassets */; };
		63DFF12D24E778D000D66173 /* Preview Assets.xcassets in Resources */ = {isa = PBXBuildFile; fileRef = 63DFF12C24E778D000D66173 /* Preview Assets.xcassets */; };
		63DFF13024E778D000D66173 /* LaunchScreen.storyboard in Resources */ = {isa = PBXBuildFile; fileRef = 63DFF12E24E778D000D66173 /* LaunchScreen.storyboard */; };
/* End PBXBuildFile section */

/* Begin PBXFileReference section */
		63DFF12024E778CD00D66173 /* ViperExample.app */ = {isa = PBXFileReference; explicitFileType = wrapper.application; includeInIndex = 0; path = ViperExample.app; sourceTree = BUILT_PRODUCTS_DIR; };
		63DFF12324E778CD00D66173 /* AppDelegate.swift */ = {isa = PBXFileReference; lastKnownFileType = sourcecode.swift; path = AppDelegate.swift; sourceTree = "<group>"; };
		63DFF12524E778CD00D66173 /* SceneDelegate.swift */ = {isa = PBXFileReference; lastKnownFileType = sourcecode.swift; path = SceneDelegate.swift; sourceTree = "<group>"; };
		63DFF12724E778CD00D66173 /* ContentView.swift */ = {isa = PBXFileReference; lastKnownFileType = sourcecode.swift; path = ContentView.swift; sourceTree = "<group>"; };
		63DFF12924E778D000D66173 /* Assets.xcassets */ = {isa = PBXFileReference; lastKnownFileType = folder.assetcatalog; path = Assets.xcassets; sourceTree = "<group>"; };
		63DFF12C24E778D000D66173 /* Preview Assets.xcassets */ = {isa = PBXFileReference; lastKnownFileType = folder.assetcatalog; path = "Preview Assets.xcassets"; sourceTree = "<group>"; };
		63DFF12F24E778D000D66173 /* Base */ = {isa = PBXFileReference; lastKnownFileType = file.storyboard; name = Base; path = Base.lproj/LaunchScreen.storyboard; sourceTree = "<group>"; };
		63DFF13124E778D000D66173 /* Info.plist */ = {isa = PBXFileReference; lastKnownFileType = text.plist.xml; path = Info.plist; sourceTree = "<group>"; };
/* End PBXFileReference section */

/* Begin PBXFrameworksBuildPhase section */
		63DFF11D24E778CD00D66173 /* Frameworks */ = {
			isa = PBXFrameworksBuildPhase;
			buildActionMask = 2147483647;
			files = (
			);
			runOnlyForDeploymentPostprocessing = 0;
		};
/* End PBXFrameworksBuildPhase section */

/* Begin PBXGroup section */
		63DFF11724E778CD00D66173 = {
			isa = PBXGroup;
			children = (
				63DFF12224E778CD00D66173 /* ViperExample */,
				63DFF12124E778CD00D66173 /* Products */,
			);
			sourceTree = "<group>";
		};
		63DFF12124E778CD00D66173 /* Products */ = {
			isa = PBXGroup;
			children = (
				63DFF12024E778CD00D66173 /* ViperExample.app */,
			);
			name = Products;
			sourceTree = "<group>";
		};
		63DFF12224E778CD00D66173 /* ViperExample */ = {
			isa = PBXGroup;
			children = (
				63DFF12324E778CD00D66173 /* AppDelegate.swift */,
				63DFF12524E778CD00D66173 /* SceneDelegate.swift */,
				63DFF12724E778CD00D66173 /* ContentView.swift */,
				63DFF12924E778D000D66173 /* Assets.xcassets */,
				63DFF12E24E778D000D66173 /* LaunchScreen.storyboard */,
				63DFF13124E778D000D66173 /* Info.plist */,
				63DFF12B24E778D000D66173 /* Preview Content */,
			);
			path = ViperExample;
			sourceTree = "<group>";
		};
		63DFF12B24E778D000D66173 /* Preview Content */ = {
			isa = PBXGroup;
			children = (
				63DFF12C24E778D000D66173 /* Preview Assets.xcassets */,
			);
			path = "Preview Content";
			sourceTree = "<group>";
		};
/* End PBXGroup section */

/* Begin PBXNativeTarget section */
		63DFF11F24E778CD00D66173 /* ViperExample */ = {
			isa = PBXNativeTarget;
			buildConfigurationList = 63DFF13424E778D000D66173 /* Build configuration list for PBXNativeTarget "ViperExample" */;
			buildPhases = (
				63DFF11C24E778CD00D66173 /* Sources */,
				63DFF11D24E778CD00D66173 /* Frameworks */,
				63DFF11E24E778CD00D66173 /* Resources */,
			);
			buildRules = (
			);
			dependencies = (
			);
			name = ViperExample;
			productName = ViperExample;
			productReference = 63DFF12024E778CD00D66173 /* ViperExample.app */;
			productType = "com.apple.product-type.application";
		};
/* End PBXNativeTarget section */

/* Begin PBXProject section */
		63DFF11824E778CD00D66173 /* Project object */ = {
			isa = PBXProject;
			attributes = {
				LastSwiftUpdateCheck = 1130;
				LastUpgradeCheck = 1130;
				ORGANIZATIONNAME = "Javier Quiles";
				TargetAttributes = {
					63DFF11F24E778CD00D66173 = {
						CreatedOnToolsVersion = 11.3.1;
					};
				};
			};
			buildConfigurationList = 63DFF11B24E778CD00D66173 /* Build configuration list for PBXProject "ViperExample" */;
			compatibilityVersion = "Xcode 9.3";
			developmentRegion = en;
			hasScannedForEncodings = 0;
			knownRegions = (
				en,
				Base,
			);
			mainGroup = 63DFF11724E778CD00D66173;
			productRefGroup = 63DFF12124E778CD00D66173 /* Products */;
			projectDirPath = "";
			projectRoot = "";
			targets = (
				63DFF11F24E778CD00D66173 /* ViperExample */,
			);
		};
/* End PBXProject section */

/* Begin PBXResourcesBuildPhase section */
		63DFF11E24E778CD00D66173 /* Resources */ = {
			isa = PBXResourcesBuildPhase;
			buildActionMask = 2147483647;
			files = (
				63DFF13024E778D000D66173 /* LaunchScreen.storyboard in Resources */,
				63DFF12D24E778D000D66173 /* Preview Assets.xcassets in Resources */,
				63DFF12A24E778D000D66173 /* Assets.xcassets in Resources */,
			);
			runOnlyForDeploymentPostprocessing = 0;
		};
/* End PBXResourcesBuildPhase section */

/* Begin PBXSourcesBuildPhase section */
		63DFF11C24E778CD00D66173 /* Sources */ = {
			isa = PBXSourcesBuildPhase;
			buildActionMask = 2147483647;
			files = (
				63DFF12424E778CD00D66173 /* AppDelegate.swift in Sources */,
				63DFF12624E778CD00D66173 /* SceneDelegate.swift in Sources */,
				63DFF12824E778CD00D66173 /* ContentView.swift in Sources */,
			);
			runOnlyForDeploymentPostprocessing = 0;
		};
/* End PBXSourcesBuildPhase section */

/* Begin PBXVariantGroup section */
		63DFF12E24E778D000D66173 /* LaunchScreen.storyboard */ = {
			isa = PBXVariantGroup;
			children = (
				63DFF12F24E778D000D66173 /* Base */,
			);
			name = LaunchScreen.storyboard;
			sourceTree = "<group>";
		};
/* End PBXVariantGroup section */

/* Begin XCBuildConfiguration section */
		63DFF13224E778D000D66173 /* Debug */ = {
			isa = XCBuildConfiguration;
			buildSettings = {
				ALWAYS_SEARCH_USER_PATHS = NO;
				CLANG_ANALYZER_NONNULL = YES;
				CLANG_ANALYZER_NUMBER_OBJECT_CONVERSION = YES_AGGRESSIVE;
				CLANG_CXX_LANGUAGE_STANDARD = "gnu++14";
				CLANG_CXX_LIBRARY = "libc++";
				CLANG_ENABLE_MODULES = YES;
				CLANG_ENABLE_OBJC_ARC = YES;
				CLANG_ENABLE_OBJC_WEAK = YES;
				CLANG_WARN_BLOCK_CAPTURE_AUTORELEASING = YES;
				CLANG_WARN_BOOL_CONVERSION = YES;
				CLANG_WARN_COMMA = YES;
				CLANG_WARN_CONSTANT_CONVERSION = YES;
				CLANG_WARN_DEPRECATED_OBJC_IMPLEMENTATIONS = YES;
				CLANG_WARN_DIRECT_OBJC_ISA_USAGE = YES_ERROR;
				CLANG_WARN_DOCUMENTATION_COMMENTS = YES;
				CLANG_WARN_EMPTY_BODY = YES;
				CLANG_WARN_ENUM_CONVERSION = YES;
				CLANG_WARN_INFINITE_RECURSION = YES;
				CLANG_WARN_INT_CONVERSION = YES;
				CLANG_WARN_NON_LITERAL_NULL_CONVERSION = YES;
				CLANG_WARN_OBJC_IMPLICIT_RETAIN_SELF = YES;
				CLANG_WARN_OBJC_LITERAL_CONVERSION = YES;
				CLANG_WARN_OBJC_ROOT_CLASS = YES_ERROR;
				CLANG_WARN_RANGE_LOOP_ANALYSIS = YES;
				CLANG_WARN_STRICT_PROTOTYPES = YES;
				CLANG_WARN_SUSPICIOUS_MOVE = YES;
				CLANG_WARN_UNGUARDED_AVAILABILITY = YES_AGGRESSIVE;
				CLANG_WARN_UNREACHABLE_CODE = YES;
				CLANG_WARN__DUPLICATE_METHOD_MATCH = YES;
				COPY_PHASE_STRIP = NO;
				DEBUG_INFORMATION_FORMAT = dwarf;
				ENABLE_STRICT_OBJC_MSGSEND = YES;
				ENABLE_TESTABILITY = YES;
				GCC_C_LANGUAGE_STANDARD = gnu11;
				GCC_DYNAMIC_NO_PIC = NO;
				GCC_NO_COMMON_BLOCKS = YES;
				GCC_OPTIMIZATION_LEVEL = 0;
				GCC_PREPROCESSOR_DEFINITIONS = (
					"DEBUG=1",
					"$(inherited)",
				);
				GCC_WARN_64_TO_32_BIT_CONVERSION = YES;
				GCC_WARN_ABOUT_RETURN_TYPE = YES_ERROR;
				GCC_WARN_UNDECLARED_SELECTOR = YES;
				GCC_WARN_UNINITIALIZED_AUTOS = YES_AGGRESSIVE;
				GCC_WARN_UNUSED_FUNCTION = YES;
				GCC_WARN_UNUSED_VARIABLE = YES;
				IPHONEOS_DEPLOYMENT_TARGET = 13.2;
				MTL_ENABLE_DEBUG_INFO = INCLUDE_SOURCE;
				MTL_FAST_MATH = YES;
				ONLY_ACTIVE_ARCH = YES;
				SDKROOT = iphoneos;
				SWIFT_ACTIVE_COMPILATION_CONDITIONS = DEBUG;
				SWIFT_OPTIMIZATION_LEVEL = "-Onone";
			};
			name = Debug;
		};
		63DFF13324E778D000D66173 /* Release */ = {
			isa = XCBuildConfiguration;
			buildSettings = {
				ALWAYS_SEARCH_USER_PATHS = NO;
				CLANG_ANALYZER_NONNULL = YES;
				CLANG_ANALYZER_NUMBER_OBJECT_CONVERSION = YES_AGGRESSIVE;
				CLANG_CXX_LANGUAGE_STANDARD = "gnu++14";
				CLANG_CXX_LIBRARY = "libc++";
				CLANG_ENABLE_MODULES = YES;
				CLANG_ENABLE_OBJC_ARC = YES;
				CLANG_ENABLE_OBJC_WEAK = YES;
				CLANG_WARN_BLOCK_CAPTURE_AUTORELEASING = YES;
				CLANG_WARN_BOOL_CONVERSION = YES;
				CLANG_WARN_COMMA = YES;
				CLANG_WARN_CONSTANT_CONVERSION = YES;
				CLANG_WARN_DEPRECATED_OBJC_IMPLEMENTATIONS = YES;
				CLANG_WARN_DIRECT_OBJC_ISA_USAGE = YES_ERROR;
				CLANG_WARN_DOCUMENTATION_COMMENTS = YES;
				CLANG_WARN_EMPTY_BODY = YES;
				CLANG_WARN_ENUM_CONVERSION = YES;
				CLANG_WARN_INFINITE_RECURSION = YES;
				CLANG_WARN_INT_CONVERSION = YES;
				CLANG_WARN_NON_LITERAL_NULL_CONVERSION = YES;
				CLANG_WARN_OBJC_IMPLICIT_RETAIN_SELF = YES;
				CLANG_WARN_OBJC_LITERAL_CONVERSION = YES;
				CLANG_WARN_OBJC_ROOT_CLASS = YES_ERROR;
				CLANG_WARN_RANGE_LOOP_ANALYSIS = YES;
				CLANG_WARN_STRICT_PROTOTYPES = YES;
				CLANG_WARN_SUSPICIOUS_MOVE = YES;
				CLANG_WARN_UNGUARDED_AVAILABILITY = YES_AGGRESSIVE;
				CLANG_WARN_UNREACHABLE_CODE = YES;
				CLANG_WARN__DUPLICATE_METHOD_MATCH = YES;
				COPY_PHASE_STRIP = NO;
				DEBUG_INFORMATION_FORMAT = "dwarf-with-dsym";
				ENABLE_NS_ASSERTIONS = NO;
				ENABLE_STRICT_OBJC_MSGSEND = YES;
				GCC_C_LANGUAGE_STANDARD = gnu11;
				GCC_NO_COMMON_BLOCKS = YES;
				GCC_WARN_64_TO_32_BIT_CONVERSION = YES;
				GCC_WARN_ABOUT_RETURN_TYPE = YES_ERROR;
				GCC_WARN_UNDECLARED_SELECTOR = YES;
				GCC_WARN_UNINITIALIZED_AUTOS = YES_AGGRESSIVE;
				GCC_WARN_UNUSED_FUNCTION = YES;
				GCC_WARN_UNUSED_VARIABLE = YES;
				IPHONEOS_DEPLOYMENT_TARGET = 13.2;
				MTL_ENABLE_DEBUG_INFO = NO;
				MTL_FAST_MATH = YES;
				SDKROOT = iphoneos;
				SWIFT_COMPILATION_MODE = wholemodule;
				SWIFT_OPTIMIZATION_LEVEL = "-O";
				VALIDATE_PRODUCT = YES;
			};
			name = Release;
		};
		63DFF13524E778D000D66173 /* Debug */ = {
			isa = XCBuildConfiguration;
			buildSettings = {
				ASSETCATALOG_COMPILER_APPICON_NAME = AppIcon;
				CODE_SIGN_STYLE = Automatic;
				DEVELOPMENT_ASSET_PATHS = "\"ViperExample/Preview Content\"";
				DEVELOPMENT_TEAM = RJU48Q3D47;
				ENABLE_PREVIEWS = YES;
				INFOPLIST_FILE = ViperExample/Info.plist;
				LD_RUNPATH_SEARCH_PATHS = (
					"$(inherited)",
					"@executable_path/Frameworks",
				);
				PRODUCT_BUNDLE_IDENTIFIER = com.javier.ViperExample;
				PRODUCT_NAME = "$(TARGET_NAME)";
				SWIFT_VERSION = 5.0;
				TARGETED_DEVICE_FAMILY = "1,2";
			};
			name = Debug;
		};
		63DFF13624E778D000D66173 /* Release */ = {
			isa = XCBuildConfiguration;
			buildSettings = {
				ASSETCATALOG_COMPILER_APPICON_NAME = AppIcon;
				CODE_SIGN_STYLE = Automatic;
				DEVELOPMENT_ASSET_PATHS = "\"ViperExample/Preview Content\"";
				DEVELOPMENT_TEAM = RJU48Q3D47;
				ENABLE_PREVIEWS = YES;
				INFOPLIST_FILE = ViperExample/Info.plist;
				LD_RUNPATH_SEARCH_PATHS = (
					"$(inherited)",
					"@executable_path/Frameworks",
				);
				PRODUCT_BUNDLE_IDENTIFIER = com.javier.ViperExample;
				PRODUCT_NAME = "$(TARGET_NAME)";
				SWIFT_VERSION = 5.0;
				TARGETED_DEVICE_FAMILY = "1,2";
			};
			name = Release;
		};
/* End XCBuildConfiguration section */

/* Begin XCConfigurationList section */
		63DFF11B24E778CD00D66173 /* Build configuration list for PBXProject "ViperExample" */ = {
			isa = XCConfigurationList;
			buildConfigurations = (
				63DFF13224E778D000D66173 /* Debug */,
				63DFF13324E778D000D66173 /* Release */,
			);
			defaultConfigurationIsVisible = 0;
			defaultConfigurationName = Release;
		};
		63DFF13424E778D000D66173 /* Build configuration list for PBXNativeTarget "ViperExample" */ = {
			isa = XCConfigurationList;
			buildConfigurations = (
				63DFF13524E778D000D66173 /* Debug */,
				63DFF13624E778D000D66173 /* Release */,
			);
			defaultConfigurationIsVisible = 0;
			defaultConfigurationName = Release;
		};
/* End XCConfigurationList section */
	};
	rootObject = 63DFF11824E778CD00D66173 /* Project object */;
}
